// !$*UTF8*$!
{
	archiveVersion = 1;
	classes = {
	};
	objectVersion = 56;
	objects = {

/* Begin PBXBuildFile section */
		752CF7372BAF831E0015AF3E /* MoonShotApp.swift in Sources */ = {isa = PBXBuildFile; fileRef = 752CF7362BAF831E0015AF3E /* MoonShotApp.swift */; };
		752CF7392BAF831E0015AF3E /* ContentView.swift in Sources */ = {isa = PBXBuildFile; fileRef = 752CF7382BAF831E0015AF3E /* ContentView.swift */; };
		752CF73B2BAF831F0015AF3E /* Assets.xcassets in Resources */ = {isa = PBXBuildFile; fileRef = 752CF73A2BAF831F0015AF3E /* Assets.xcassets */; };
		752CF73E2BAF831F0015AF3E /* Preview Assets.xcassets in Resources */ = {isa = PBXBuildFile; fileRef = 752CF73D2BAF831F0015AF3E /* Preview Assets.xcassets */; };
		75488B812BB20EE5009F657B /* MissionView.swift in Sources */ = {isa = PBXBuildFile; fileRef = 75488B802BB20EE5009F657B /* MissionView.swift */; };
		75488B832BB21BE6009F657B /* CrewDetail.swift in Sources */ = {isa = PBXBuildFile; fileRef = 75488B822BB21BE6009F657B /* CrewDetail.swift */; };
		756C5EA92BB0C3A500409063 /* astronauts.json in Resources */ = {isa = PBXBuildFile; fileRef = 756C5EA72BB0C3A500409063 /* astronauts.json */; };
		756C5EAA2BB0C3A500409063 /* missions.json in Resources */ = {isa = PBXBuildFile; fileRef = 756C5EA82BB0C3A500409063 /* missions.json */; };
		756C5EAC2BB0C41A00409063 /* Astronaut.swift in Sources */ = {isa = PBXBuildFile; fileRef = 756C5EAB2BB0C41A00409063 /* Astronaut.swift */; };
		756C5EAE2BB0C49000409063 /* Bundle-Decodable.swift in Sources */ = {isa = PBXBuildFile; fileRef = 756C5EAD2BB0C49000409063 /* Bundle-Decodable.swift */; };
		756C5EB02BB0C63500409063 /* Mission.swift in Sources */ = {isa = PBXBuildFile; fileRef = 756C5EAF2BB0C63500409063 /* Mission.swift */; };
		756C5EB22BB0CC5600409063 /* Color-Theme.swift in Sources */ = {isa = PBXBuildFile; fileRef = 756C5EB12BB0CC5600409063 /* Color-Theme.swift */; };
/* End PBXBuildFile section */

/* Begin PBXFileReference section */
		752CF7332BAF831E0015AF3E /* MoonShot.app */ = {isa = PBXFileReference; explicitFileType = wrapper.application; includeInIndex = 0; path = MoonShot.app; sourceTree = BUILT_PRODUCTS_DIR; };
		752CF7362BAF831E0015AF3E /* MoonShotApp.swift */ = {isa = PBXFileReference; lastKnownFileType = sourcecode.swift; path = MoonShotApp.swift; sourceTree = "<group>"; };
		752CF7382BAF831E0015AF3E /* ContentView.swift */ = {isa = PBXFileReference; lastKnownFileType = sourcecode.swift; path = ContentView.swift; sourceTree = "<group>"; };
		752CF73A2BAF831F0015AF3E /* Assets.xcassets */ = {isa = PBXFileReference; lastKnownFileType = folder.assetcatalog; path = Assets.xcassets; sourceTree = "<group>"; };
		752CF73D2BAF831F0015AF3E /* Preview Assets.xcassets */ = {isa = PBXFileReference; lastKnownFileType = folder.assetcatalog; path = "Preview Assets.xcassets"; sourceTree = "<group>"; };
		75488B802BB20EE5009F657B /* MissionView.swift */ = {isa = PBXFileReference; lastKnownFileType = sourcecode.swift; path = MissionView.swift; sourceTree = "<group>"; };
		75488B822BB21BE6009F657B /* CrewDetail.swift */ = {isa = PBXFileReference; lastKnownFileType = sourcecode.swift; path = CrewDetail.swift; sourceTree = "<group>"; };
		756C5EA72BB0C3A500409063 /* astronauts.json */ = {isa = PBXFileReference; fileEncoding = 4; lastKnownFileType = text.json; path = astronauts.json; sourceTree = "<group>"; };
		756C5EA82BB0C3A500409063 /* missions.json */ = {isa = PBXFileReference; fileEncoding = 4; lastKnownFileType = text.json; path = missions.json; sourceTree = "<group>"; };
		756C5EAB2BB0C41A00409063 /* Astronaut.swift */ = {isa = PBXFileReference; lastKnownFileType = sourcecode.swift; path = Astronaut.swift; sourceTree = "<group>"; };
		756C5EAD2BB0C49000409063 /* Bundle-Decodable.swift */ = {isa = PBXFileReference; lastKnownFileType = sourcecode.swift; path = "Bundle-Decodable.swift"; sourceTree = "<group>"; };
		756C5EAF2BB0C63500409063 /* Mission.swift */ = {isa = PBXFileReference; lastKnownFileType = sourcecode.swift; path = Mission.swift; sourceTree = "<group>"; };
		756C5EB12BB0CC5600409063 /* Color-Theme.swift */ = {isa = PBXFileReference; lastKnownFileType = sourcecode.swift; path = "Color-Theme.swift"; sourceTree = "<group>"; };
/* End PBXFileReference section */

/* Begin PBXFrameworksBuildPhase section */
		752CF7302BAF831E0015AF3E /* Frameworks */ = {
			isa = PBXFrameworksBuildPhase;
			buildActionMask = 2147483647;
			files = (
			);
			runOnlyForDeploymentPostprocessing = 0;
		};
/* End PBXFrameworksBuildPhase section */

/* Begin PBXGroup section */
		752CF72A2BAF831E0015AF3E = {
			isa = PBXGroup;
			children = (
				752CF7352BAF831E0015AF3E /* MoonShot */,
				752CF7342BAF831E0015AF3E /* Products */,
			);
			sourceTree = "<group>";
		};
		752CF7342BAF831E0015AF3E /* Products */ = {
			isa = PBXGroup;
			children = (
				752CF7332BAF831E0015AF3E /* MoonShot.app */,
			);
			name = Products;
			sourceTree = "<group>";
		};
		752CF7352BAF831E0015AF3E /* MoonShot */ = {
			isa = PBXGroup;
			children = (
				752CF7362BAF831E0015AF3E /* MoonShotApp.swift */,
				752CF7382BAF831E0015AF3E /* ContentView.swift */,
				75488B822BB21BE6009F657B /* CrewDetail.swift */,
				75488B802BB20EE5009F657B /* MissionView.swift */,
				756C5EB12BB0CC5600409063 /* Color-Theme.swift */,
				756C5EAB2BB0C41A00409063 /* Astronaut.swift */,
				756C5EAD2BB0C49000409063 /* Bundle-Decodable.swift */,
				756C5EAF2BB0C63500409063 /* Mission.swift */,
				756C5EA72BB0C3A500409063 /* astronauts.json */,
				756C5EA82BB0C3A500409063 /* missions.json */,
				752CF73A2BAF831F0015AF3E /* Assets.xcassets */,
				752CF73C2BAF831F0015AF3E /* Preview Content */,
			);
			path = MoonShot;
			sourceTree = "<group>";
		};
		752CF73C2BAF831F0015AF3E /* Preview Content */ = {
			isa = PBXGroup;
			children = (
				752CF73D2BAF831F0015AF3E /* Preview Assets.xcassets */,
			);
			path = "Preview Content";
			sourceTree = "<group>";
		};
/* End PBXGroup section */

/* Begin PBXNativeTarget section */
		752CF7322BAF831E0015AF3E /* MoonShot */ = {
			isa = PBXNativeTarget;
			buildConfigurationList = 752CF7412BAF831F0015AF3E /* Build configuration list for PBXNativeTarget "MoonShot" */;
			buildPhases = (
				752CF72F2BAF831E0015AF3E /* Sources */,
				752CF7302BAF831E0015AF3E /* Frameworks */,
				752CF7312BAF831E0015AF3E /* Resources */,
			);
			buildRules = (
			);
			dependencies = (
			);
			name = MoonShot;
			productName = MoonShot;
			productReference = 752CF7332BAF831E0015AF3E /* MoonShot.app */;
			productType = "com.apple.product-type.application";
		};
/* End PBXNativeTarget section */

/* Begin PBXProject section */
		752CF72B2BAF831E0015AF3E /* Project object */ = {
			isa = PBXProject;
			attributes = {
				BuildIndependentTargetsInParallel = 1;
				LastSwiftUpdateCheck = 1530;
				LastUpgradeCheck = 1530;
				TargetAttributes = {
					752CF7322BAF831E0015AF3E = {
						CreatedOnToolsVersion = 15.3;
					};
				};
			};
			buildConfigurationList = 752CF72E2BAF831E0015AF3E /* Build configuration list for PBXProject "MoonShot" */;
			compatibilityVersion = "Xcode 14.0";
			developmentRegion = en;
			hasScannedForEncodings = 0;
			knownRegions = (
				en,
				Base,
			);
			mainGroup = 752CF72A2BAF831E0015AF3E;
			productRefGroup = 752CF7342BAF831E0015AF3E /* Products */;
			projectDirPath = "";
			projectRoot = "";
			targets = (
				752CF7322BAF831E0015AF3E /* MoonShot */,
			);
		};
/* End PBXProject section */

/* Begin PBXResourcesBuildPhase section */
		752CF7312BAF831E0015AF3E /* Resources */ = {
			isa = PBXResourcesBuildPhase;
			buildActionMask = 2147483647;
			files = (
				756C5EA92BB0C3A500409063 /* astronauts.json in Resources */,
				752CF73E2BAF831F0015AF3E /* Preview Assets.xcassets in Resources */,
				756C5EAA2BB0C3A500409063 /* missions.json in Resources */,
				752CF73B2BAF831F0015AF3E /* Assets.xcassets in Resources */,
			);
			runOnlyForDeploymentPostprocessing = 0;
		};
/* End PBXResourcesBuildPhase section */

/* Begin PBXSourcesBuildPhase section */
		752CF72F2BAF831E0015AF3E /* Sources */ = {
			isa = PBXSourcesBuildPhase;
			buildActionMask = 2147483647;
			files = (
				75488B812BB20EE5009F657B /* MissionView.swift in Sources */,
				756C5EAC2BB0C41A00409063 /* Astronaut.swift in Sources */,
				756C5EB22BB0CC5600409063 /* Color-Theme.swift in Sources */,
				752CF7392BAF831E0015AF3E /* ContentView.swift in Sources */,
				752CF7372BAF831E0015AF3E /* MoonShotApp.swift in Sources */,
				756C5EB02BB0C63500409063 /* Mission.swift in Sources */,
				756C5EAE2BB0C49000409063 /* Bundle-Decodable.swift in Sources */,
				75488B832BB21BE6009F657B /* CrewDetail.swift in Sources */,
			);
			runOnlyForDeploymentPostprocessing = 0;
		};
/* End PBXSourcesBuildPhase section */

/* Begin XCBuildConfiguration section */
		752CF73F2BAF831F0015AF3E /* Debug */ = {
			isa = XCBuildConfiguration;
			buildSettings = {
				ALWAYS_SEARCH_USER_PATHS = NO;
				ASSETCATALOG_COMPILER_GENERATE_SWIFT_ASSET_SYMBOL_EXTENSIONS = YES;
				CLANG_ANALYZER_NONNULL = YES;
				CLANG_ANALYZER_NUMBER_OBJECT_CONVERSION = YES_AGGRESSIVE;
				CLANG_CXX_LANGUAGE_STANDARD = "gnu++20";
				CLANG_ENABLE_MODULES = YES;
				CLANG_ENABLE_OBJC_ARC = YES;
				CLANG_ENABLE_OBJC_WEAK = YES;
				CLANG_WARN_BLOCK_CAPTURE_AUTORELEASING = YES;
				CLANG_WARN_BOOL_CONVERSION = YES;
				CLANG_WARN_COMMA = YES;
				CLANG_WARN_CONSTANT_CONVERSION = YES;
				CLANG_WARN_DEPRECATED_OBJC_IMPLEMENTATIONS = YES;
				CLANG_WARN_DIRECT_OBJC_ISA_USAGE = YES_ERROR;
				CLANG_WARN_DOCUMENTATION_COMMENTS = YES;
				CLANG_WARN_EMPTY_BODY = YES;
				CLANG_WARN_ENUM_CONVERSION = YES;
				CLANG_WARN_INFINITE_RECURSION = YES;
				CLANG_WARN_INT_CONVERSION = YES;
				CLANG_WARN_NON_LITERAL_NULL_CONVERSION = YES;
				CLANG_WARN_OBJC_IMPLICIT_RETAIN_SELF = YES;
				CLANG_WARN_OBJC_LITERAL_CONVERSION = YES;
				CLANG_WARN_OBJC_ROOT_CLASS = YES_ERROR;
				CLANG_WARN_QUOTED_INCLUDE_IN_FRAMEWORK_HEADER = YES;
				CLANG_WARN_RANGE_LOOP_ANALYSIS = YES;
				CLANG_WARN_STRICT_PROTOTYPES = YES;
				CLANG_WARN_SUSPICIOUS_MOVE = YES;
				CLANG_WARN_UNGUARDED_AVAILABILITY = YES_AGGRESSIVE;
				CLANG_WARN_UNREACHABLE_CODE = YES;
				CLANG_WARN__DUPLICATE_METHOD_MATCH = YES;
				COPY_PHASE_STRIP = NO;
				DEBUG_INFORMATION_FORMAT = dwarf;
				ENABLE_STRICT_OBJC_MSGSEND = YES;
				ENABLE_TESTABILITY = YES;
				ENABLE_USER_SCRIPT_SANDBOXING = YES;
				GCC_C_LANGUAGE_STANDARD = gnu17;
				GCC_DYNAMIC_NO_PIC = NO;
				GCC_NO_COMMON_BLOCKS = YES;
				GCC_OPTIMIZATION_LEVEL = 0;
				GCC_PREPROCESSOR_DEFINITIONS = (
					"DEBUG=1",
					"$(inherited)",
				);
				GCC_WARN_64_TO_32_BIT_CONVERSION = YES;
				GCC_WARN_ABOUT_RETURN_TYPE = YES_ERROR;
				GCC_WARN_UNDECLARED_SELECTOR = YES;
				GCC_WARN_UNINITIALIZED_AUTOS = YES_AGGRESSIVE;
				GCC_WARN_UNUSED_FUNCTION = YES;
				GCC_WARN_UNUSED_VARIABLE = YES;
				IPHONEOS_DEPLOYMENT_TARGET = 17.4;
				LOCALIZATION_PREFERS_STRING_CATALOGS = YES;
				MTL_ENABLE_DEBUG_INFO = INCLUDE_SOURCE;
				MTL_FAST_MATH = YES;
				ONLY_ACTIVE_ARCH = YES;
				SDKROOT = iphoneos;
				SWIFT_ACTIVE_COMPILATION_CONDITIONS = "DEBUG $(inherited)";
				SWIFT_OPTIMIZATION_LEVEL = "-Onone";
			};
			name = Debug;
		};
		752CF7402BAF831F0015AF3E /* Release */ = {
			isa = XCBuildConfiguration;
			buildSettings = {
				ALWAYS_SEARCH_USER_PATHS = NO;
				ASSETCATALOG_COMPILER_GENERATE_SWIFT_ASSET_SYMBOL_EXTENSIONS = YES;
				CLANG_ANALYZER_NONNULL = YES;
				CLANG_ANALYZER_NUMBER_OBJECT_CONVERSION = YES_AGGRESSIVE;
				CLANG_CXX_LANGUAGE_STANDARD = "gnu++20";
				CLANG_ENABLE_MODULES = YES;
				CLANG_ENABLE_OBJC_ARC = YES;
				CLANG_ENABLE_OBJC_WEAK = YES;
				CLANG_WARN_BLOCK_CAPTURE_AUTORELEASING = YES;
				CLANG_WARN_BOOL_CONVERSION = YES;
				CLANG_WARN_COMMA = YES;
				CLANG_WARN_CONSTANT_CONVERSION = YES;
				CLANG_WARN_DEPRECATED_OBJC_IMPLEMENTATIONS = YES;
				CLANG_WARN_DIRECT_OBJC_ISA_USAGE = YES_ERROR;
				CLANG_WARN_DOCUMENTATION_COMMENTS = YES;
				CLANG_WARN_EMPTY_BODY = YES;
				CLANG_WARN_ENUM_CONVERSION = YES;
				CLANG_WARN_INFINITE_RECURSION = YES;
				CLANG_WARN_INT_CONVERSION = YES;
				CLANG_WARN_NON_LITERAL_NULL_CONVERSION = YES;
				CLANG_WARN_OBJC_IMPLICIT_RETAIN_SELF = YES;
				CLANG_WARN_OBJC_LITERAL_CONVERSION = YES;
				CLANG_WARN_OBJC_ROOT_CLASS = YES_ERROR;
				CLANG_WARN_QUOTED_INCLUDE_IN_FRAMEWORK_HEADER = YES;
				CLANG_WARN_RANGE_LOOP_ANALYSIS = YES;
				CLANG_WARN_STRICT_PROTOTYPES = YES;
				CLANG_WARN_SUSPICIOUS_MOVE = YES;
				CLANG_WARN_UNGUARDED_AVAILABILITY = YES_AGGRESSIVE;
				CLANG_WARN_UNREACHABLE_CODE = YES;
				CLANG_WARN__DUPLICATE_METHOD_MATCH = YES;
				COPY_PHASE_STRIP = NO;
				DEBUG_INFORMATION_FORMAT = "dwarf-with-dsym";
				ENABLE_NS_ASSERTIONS = NO;
				ENABLE_STRICT_OBJC_MSGSEND = YES;
				ENABLE_USER_SCRIPT_SANDBOXING = YES;
				GCC_C_LANGUAGE_STANDARD = gnu17;
				GCC_NO_COMMON_BLOCKS = YES;
				GCC_WARN_64_TO_32_BIT_CONVERSION = YES;
				GCC_WARN_ABOUT_RETURN_TYPE = YES_ERROR;
				GCC_WARN_UNDECLARED_SELECTOR = YES;
				GCC_WARN_UNINITIALIZED_AUTOS = YES_AGGRESSIVE;
				GCC_WARN_UNUSED_FUNCTION = YES;
				GCC_WARN_UNUSED_VARIABLE = YES;
				IPHONEOS_DEPLOYMENT_TARGET = 17.4;
				LOCALIZATION_PREFERS_STRING_CATALOGS = YES;
				MTL_ENABLE_DEBUG_INFO = NO;
				MTL_FAST_MATH = YES;
				SDKROOT = iphoneos;
				SWIFT_COMPILATION_MODE = wholemodule;
				VALIDATE_PRODUCT = YES;
			};
			name = Release;
		};
		752CF7422BAF831F0015AF3E /* Debug */ = {
			isa = XCBuildConfiguration;
			buildSettings = {
				ASSETCATALOG_COMPILER_APPICON_NAME = AppIcon;
				ASSETCATALOG_COMPILER_GLOBAL_ACCENT_COLOR_NAME = AccentColor;
				CODE_SIGN_STYLE = Automatic;
				CURRENT_PROJECT_VERSION = 1;
				DEVELOPMENT_ASSET_PATHS = "\"MoonShot/Preview Content\"";
				ENABLE_PREVIEWS = YES;
				GENERATE_INFOPLIST_FILE = YES;
				INFOPLIST_KEY_UIApplicationSceneManifest_Generation = YES;
				INFOPLIST_KEY_UIApplicationSupportsIndirectInputEvents = YES;
				INFOPLIST_KEY_UILaunchScreen_Generation = YES;
				INFOPLIST_KEY_UISupportedInterfaceOrientations_iPad = "UIInterfaceOrientationPortrait UIInterfaceOrientationPortraitUpsideDown UIInterfaceOrientationLandscapeLeft UIInterfaceOrientationLandscapeRight";
				INFOPLIST_KEY_UISupportedInterfaceOrientations_iPhone = "UIInterfaceOrientationPortrait UIInterfaceOrientationLandscapeLeft UIInterfaceOrientationLandscapeRight";
				LD_RUNPATH_SEARCH_PATHS = (
					"$(inherited)",
					"@executable_path/Frameworks",
				);
				MARKETING_VERSION = 1.0;
				PRODUCT_BUNDLE_IDENTIFIER = HackingWAbhi.MoonShot;
				PRODUCT_NAME = "$(TARGET_NAME)";
				SWIFT_EMIT_LOC_STRINGS = YES;
				SWIFT_VERSION = 5.0;
				TARGETED_DEVICE_FAMILY = "1,2";
			};
			name = Debug;
		};
		752CF7432BAF831F0015AF3E /* Release */ = {
			isa = XCBuildConfiguration;
			buildSettings = {
				ASSETCATALOG_COMPILER_APPICON_NAME = AppIcon;
				ASSETCATALOG_COMPILER_GLOBAL_ACCENT_COLOR_NAME = AccentColor;
				CODE_SIGN_STYLE = Automatic;
				CURRENT_PROJECT_VERSION = 1;
				DEVELOPMENT_ASSET_PATHS = "\"MoonShot/Preview Content\"";
				ENABLE_PREVIEWS = YES;
				GENERATE_INFOPLIST_FILE = YES;
				INFOPLIST_KEY_UIApplicationSceneManifest_Generation = YES;
				INFOPLIST_KEY_UIApplicationSupportsIndirectInputEvents = YES;
				INFOPLIST_KEY_UILaunchScreen_Generation = YES;
				INFOPLIST_KEY_UISupportedInterfaceOrientations_iPad = "UIInterfaceOrientationPortrait UIInterfaceOrientationPortraitUpsideDown UIInterfaceOrientationLandscapeLeft UIInterfaceOrientationLandscapeRight";
				INFOPLIST_KEY_UISupportedInterfaceOrientations_iPhone = "UIInterfaceOrientationPortrait UIInterfaceOrientationLandscapeLeft UIInterfaceOrientationLandscapeRight";
				LD_RUNPATH_SEARCH_PATHS = (
					"$(inherited)",
					"@executable_path/Frameworks",
				);
				MARKETING_VERSION = 1.0;
				PRODUCT_BUNDLE_IDENTIFIER = HackingWAbhi.MoonShot;
				PRODUCT_NAME = "$(TARGET_NAME)";
				SWIFT_EMIT_LOC_STRINGS = YES;
				SWIFT_VERSION = 5.0;
				TARGETED_DEVICE_FAMILY = "1,2";
			};
			name = Release;
		};
/* End XCBuildConfiguration section */

/* Begin XCConfigurationList section */
		752CF72E2BAF831E0015AF3E /* Build configuration list for PBXProject "MoonShot" */ = {
			isa = XCConfigurationList;
			buildConfigurations = (
				752CF73F2BAF831F0015AF3E /* Debug */,
				752CF7402BAF831F0015AF3E /* Release */,
			);
			defaultConfigurationIsVisible = 0;
			defaultConfigurationName = Release;
		};
		752CF7412BAF831F0015AF3E /* Build configuration list for PBXNativeTarget "MoonShot" */ = {
			isa = XCConfigurationList;
			buildConfigurations = (
				752CF7422BAF831F0015AF3E /* Debug */,
				752CF7432BAF831F0015AF3E /* Release */,
			);
			defaultConfigurationIsVisible = 0;
			defaultConfigurationName = Release;
		};
/* End XCConfigurationList section */
	};
	rootObject = 752CF72B2BAF831E0015AF3E /* Project object */;
}
